# This file is autogenerated, do not edit; changes may be undone by the next 'dep ensure'.


[[projects]]
  branch = "master"
  digest = "1:30284237628259cb445afc0e1b4c7b4ed265ba1a6111ee72927452c0864f789f"
  name = "github.com/micro/cli"
  packages = ["."]
  pruneopts = "UT"
  revision = "1b0c9793c30063c75054ac3a245ef8f7f5154229"

[solve-meta]
  analyzer-name = "dep"
  analyzer-version = 1
  input-imports = ["github.com/micro/cli"]
  solver-name = "gps-cdcl"
  solver-version = 1
